
Microsoft Visual Studio Solution File, Format Version 12.00
# Visual Studio 2012
Project("{FAE04EC0-301F-11D3-BF4B-00C04F79EFBC}") = "nOAuth.AuthorizationServer", "Rogrand.OAuth\nOAuth.AuthorizationServer.csproj", "{1C79251F-4399-4CDA-9FA4-C24DE8FE1582}"
EndProject
Project("{FAE04EC0-301F-11D3-BF4B-00C04F79EFBC}") = "nOAuth.Client", "Rogrand.OAuth.Client\nOAuth.Client.csproj", "{B69C3FB6-69F6-4D58-8DE1-9DD0568E7407}"
EndProject
Project("{FAE04EC0-301F-11D3-BF4B-00C04F79EFBC}") = "nOAuth.Resource", "Rogrand.OAuth.Resource\nOAuth.Resource.csproj", "{102B8CF2-87AE-4A87-BDE6-7853F4660E83}"
EndProject
Project("{2150E333-8FDC-42A3-9474-1A3956D46DE8}") = ".nuget", ".nuget", "{7649E509-F004-4E11-81D7-D9822A7284DE}"
	ProjectSection(SolutionItems) = preProject
		.nuget\NuGet.Config = .nuget\NuGet.Config
		.nuget\NuGet.exe = .nuget\NuGet.exe
		.nuget\NuGet.targets = .nuget\NuGet.targets
		.nuget\packages.config = .nuget\packages.config
	EndProjectSection
EndProject
Project("{2150E333-8FDC-42A3-9474-1A3956D46DE8}") = "db", "db", "{C3D0F687-5446-465C-86D4-633C32C968DF}"
	ProjectSection(SolutionItems) = preProject
		db.sql = db.sql
	EndProjectSection
EndProject
Global
	GlobalSection(SolutionConfigurationPlatforms) = preSolution
		Debug|Any CPU = Debug|Any CPU
		Release|Any CPU = Release|Any CPU
	EndGlobalSection
	GlobalSection(ProjectConfigurationPlatforms) = postSolution
		{1C79251F-4399-4CDA-9FA4-C24DE8FE1582}.Debug|Any CPU.ActiveCfg = Debug|Any CPU
		{1C79251F-4399-4CDA-9FA4-C24DE8FE1582}.Debug|Any CPU.Build.0 = Debug|Any CPU
		{1C79251F-4399-4CDA-9FA4-C24DE8FE1582}.Release|Any CPU.ActiveCfg = Release|Any CPU
		{1C79251F-4399-4CDA-9FA4-C24DE8FE1582}.Release|Any CPU.Build.0 = Release|Any CPU
		{B69C3FB6-69F6-4D58-8DE1-9DD0568E7407}.Debug|Any CPU.ActiveCfg = Debug|Any CPU
		{B69C3FB6-69F6-4D58-8DE1-9DD0568E7407}.Debug|Any CPU.Build.0 = Debug|Any CPU
		{B69C3FB6-69F6-4D58-8DE1-9DD0568E7407}.Release|Any CPU.ActiveCfg = Release|Any CPU
		{B69C3FB6-69F6-4D58-8DE1-9DD0568E7407}.Release|Any CPU.Build.0 = Release|Any CPU
		{102B8CF2-87AE-4A87-BDE6-7853F4660E83}.Debug|Any CPU.ActiveCfg = Debug|Any CPU
		{102B8CF2-87AE-4A87-BDE6-7853F4660E83}.Debug|Any CPU.Build.0 = Debug|Any CPU
		{102B8CF2-87AE-4A87-BDE6-7853F4660E83}.Release|Any CPU.ActiveCfg = Release|Any CPU
		{102B8CF2-87AE-4A87-BDE6-7853F4660E83}.Release|Any CPU.Build.0 = Release|Any CPU
	EndGlobalSection
	GlobalSection(SolutionProperties) = preSolution
		HideSolutionNode = FALSE
	EndGlobalSection
EndGlobal
